// !$*UTF8*$!
{
	archiveVersion = 1;
	classes = {
	};
	objectVersion = 48;
	objects = {

/* Begin PBXBuildFile section */
		1615E4461FCF551A00824640 /* AppDelegate.swift in Sources */ = {isa = PBXBuildFile; fileRef = 1615E4451FCF551A00824640 /* AppDelegate.swift */; };
		1615E4481FCF551A00824640 /* ViewController.swift in Sources */ = {isa = PBXBuildFile; fileRef = 1615E4471FCF551A00824640 /* ViewController.swift */; };
		1615E44B1FCF551A00824640 /* Main.storyboard in Resources */ = {isa = PBXBuildFile; fileRef = 1615E4491FCF551A00824640 /* Main.storyboard */; };
		1615E44D1FCF551A00824640 /* Assets.xcassets in Resources */ = {isa = PBXBuildFile; fileRef = 1615E44C1FCF551A00824640 /* Assets.xcassets */; };
		1615E4501FCF551A00824640 /* LaunchScreen.storyboard in Resources */ = {isa = PBXBuildFile; fileRef = 1615E44E1FCF551A00824640 /* LaunchScreen.storyboard */; };
		1615E4581FCF55A400824640 /* TableViewCell.swift in Sources */ = {isa = PBXBuildFile; fileRef = 1615E4571FCF55A400824640 /* TableViewCell.swift */; };
		1615E45A1FCF55BB00824640 /* TableViewController.swift in Sources */ = {isa = PBXBuildFile; fileRef = 1615E4591FCF55BB00824640 /* TableViewController.swift */; };
		163B12741FCF6E5D00D9ED63 /* CustomTableViewCell.swift in Sources */ = {isa = PBXBuildFile; fileRef = 163B12721FCF6E5D00D9ED63 /* CustomTableViewCell.swift */; };
		163B12751FCF6E5D00D9ED63 /* CustomTableViewCell.xib in Resources */ = {isa = PBXBuildFile; fileRef = 163B12731FCF6E5D00D9ED63 /* CustomTableViewCell.xib */; };
		16ACDFB51FCF65990055EC54 /* HiScore.swift in Sources */ = {isa = PBXBuildFile; fileRef = 16ACDFB41FCF65990055EC54 /* HiScore.swift */; };
/* End PBXBuildFile section */

/* Begin PBXFileReference section */
		1615E4421FCF551A00824640 /* DynamicPrototypes.app */ = {isa = PBXFileReference; explicitFileType = wrapper.application; includeInIndex = 0; path = DynamicPrototypes.app; sourceTree = BUILT_PRODUCTS_DIR; };
		1615E4451FCF551A00824640 /* AppDelegate.swift */ = {isa = PBXFileReference; lastKnownFileType = sourcecode.swift; path = AppDelegate.swift; sourceTree = "<group>"; };
		1615E4471FCF551A00824640 /* ViewController.swift */ = {isa = PBXFileReference; lastKnownFileType = sourcecode.swift; path = ViewController.swift; sourceTree = "<group>"; };
		1615E44A1FCF551A00824640 /* Base */ = {isa = PBXFileReference; lastKnownFileType = file.storyboard; name = Base; path = Base.lproj/Main.storyboard; sourceTree = "<group>"; };
		1615E44C1FCF551A00824640 /* Assets.xcassets */ = {isa = PBXFileReference; lastKnownFileType = folder.assetcatalog; path = Assets.xcassets; sourceTree = "<group>"; };
		1615E44F1FCF551A00824640 /* Base */ = {isa = PBXFileReference; lastKnownFileType = file.storyboard; name = Base; path = Base.lproj/LaunchScreen.storyboard; sourceTree = "<group>"; };
		1615E4511FCF551A00824640 /* Info.plist */ = {isa = PBXFileReference; lastKnownFileType = text.plist.xml; path = Info.plist; sourceTree = "<group>"; };
		1615E4571FCF55A400824640 /* TableViewCell.swift */ = {isa = PBXFileReference; lastKnownFileType = sourcecode.swift; path = TableViewCell.swift; sourceTree = "<group>"; };
		1615E4591FCF55BB00824640 /* TableViewController.swift */ = {isa = PBXFileReference; lastKnownFileType = sourcecode.swift; path = TableViewController.swift; sourceTree = "<group>"; };
		163B12721FCF6E5D00D9ED63 /* CustomTableViewCell.swift */ = {isa = PBXFileReference; lastKnownFileType = sourcecode.swift; path = CustomTableViewCell.swift; sourceTree = "<group>"; };
		163B12731FCF6E5D00D9ED63 /* CustomTableViewCell.xib */ = {isa = PBXFileReference; lastKnownFileType = file.xib; path = CustomTableViewCell.xib; sourceTree = "<group>"; };
		16ACDFB41FCF65990055EC54 /* HiScore.swift */ = {isa = PBXFileReference; lastKnownFileType = sourcecode.swift; path = HiScore.swift; sourceTree = "<group>"; };
/* End PBXFileReference section */

/* Begin PBXFrameworksBuildPhase section */
		1615E43F1FCF551A00824640 /* Frameworks */ = {
			isa = PBXFrameworksBuildPhase;
			buildActionMask = 2147483647;
			files = (
			);
			runOnlyForDeploymentPostprocessing = 0;
		};
/* End PBXFrameworksBuildPhase section */

/* Begin PBXGroup section */
		1615E4391FCF551A00824640 = {
			isa = PBXGroup;
			children = (
				1615E4441FCF551A00824640 /* DynamicPrototypes */,
				1615E4431FCF551A00824640 /* Products */,
			);
			sourceTree = "<group>";
		};
		1615E4431FCF551A00824640 /* Products */ = {
			isa = PBXGroup;
			children = (
				1615E4421FCF551A00824640 /* DynamicPrototypes.app */,
			);
			name = Products;
			sourceTree = "<group>";
		};
		1615E4441FCF551A00824640 /* DynamicPrototypes */ = {
			isa = PBXGroup;
			children = (
				163B12721FCF6E5D00D9ED63 /* CustomTableViewCell.swift */,
				163B12731FCF6E5D00D9ED63 /* CustomTableViewCell.xib */,
				1615E4591FCF55BB00824640 /* TableViewController.swift */,
				1615E4451FCF551A00824640 /* AppDelegate.swift */,
				1615E4471FCF551A00824640 /* ViewController.swift */,
				1615E4491FCF551A00824640 /* Main.storyboard */,
				1615E44C1FCF551A00824640 /* Assets.xcassets */,
				1615E44E1FCF551A00824640 /* LaunchScreen.storyboard */,
				1615E4511FCF551A00824640 /* Info.plist */,
				1615E4571FCF55A400824640 /* TableViewCell.swift */,
				16ACDFB41FCF65990055EC54 /* HiScore.swift */,
			);
			path = DynamicPrototypes;
			sourceTree = "<group>";
		};
/* End PBXGroup section */

/* Begin PBXNativeTarget section */
		1615E4411FCF551A00824640 /* DynamicPrototypes */ = {
			isa = PBXNativeTarget;
			buildConfigurationList = 1615E4541FCF551A00824640 /* Build configuration list for PBXNativeTarget "DynamicPrototypes" */;
			buildPhases = (
				1615E43E1FCF551A00824640 /* Sources */,
				1615E43F1FCF551A00824640 /* Frameworks */,
				1615E4401FCF551A00824640 /* Resources */,
			);
			buildRules = (
			);
			dependencies = (
			);
			name = DynamicPrototypes;
			productName = DynamicPrototypes;
			productReference = 1615E4421FCF551A00824640 /* DynamicPrototypes.app */;
			productType = "com.apple.product-type.application";
		};
/* End PBXNativeTarget section */

/* Begin PBXProject section */
		1615E43A1FCF551A00824640 /* Project object */ = {
			isa = PBXProject;
			attributes = {
				LastSwiftUpdateCheck = 0910;
				LastUpgradeCheck = 0910;
				ORGANIZATIONNAME = Danillo;
				TargetAttributes = {
					1615E4411FCF551A00824640 = {
						CreatedOnToolsVersion = 9.1;
						ProvisioningStyle = Automatic;
					};
				};
			};
			buildConfigurationList = 1615E43D1FCF551A00824640 /* Build configuration list for PBXProject "DynamicPrototypes" */;
			compatibilityVersion = "Xcode 8.0";
			developmentRegion = en;
			hasScannedForEncodings = 0;
			knownRegions = (
				en,
				Base,
			);
			mainGroup = 1615E4391FCF551A00824640;
			productRefGroup = 1615E4431FCF551A00824640 /* Products */;
			projectDirPath = "";
			projectRoot = "";
			targets = (
				1615E4411FCF551A00824640 /* DynamicPrototypes */,
			);
		};
/* End PBXProject section */

/* Begin PBXResourcesBuildPhase section */
		1615E4401FCF551A00824640 /* Resources */ = {
			isa = PBXResourcesBuildPhase;
			buildActionMask = 2147483647;
			files = (
				1615E4501FCF551A00824640 /* LaunchScreen.storyboard in Resources */,
				1615E44D1FCF551A00824640 /* Assets.xcassets in Resources */,
				163B12751FCF6E5D00D9ED63 /* CustomTableViewCell.xib in Resources */,
				1615E44B1FCF551A00824640 /* Main.storyboard in Resources */,
			);
			runOnlyForDeploymentPostprocessing = 0;
		};
/* End PBXResourcesBuildPhase section */

/* Begin PBXSourcesBuildPhase section */
		1615E43E1FCF551A00824640 /* Sources */ = {
			isa = PBXSourcesBuildPhase;
			buildActionMask = 2147483647;
			files = (
				163B12741FCF6E5D00D9ED63 /* CustomTableViewCell.swift in Sources */,
				1615E4581FCF55A400824640 /* TableViewCell.swift in Sources */,
				16ACDFB51FCF65990055EC54 /* HiScore.swift in Sources */,
				1615E4481FCF551A00824640 /* ViewController.swift in Sources */,
				1615E4461FCF551A00824640 /* AppDelegate.swift in Sources */,
				1615E45A1FCF55BB00824640 /* TableViewController.swift in Sources */,
			);
			runOnlyForDeploymentPostprocessing = 0;
		};
/* End PBXSourcesBuildPhase section */

/* Begin PBXVariantGroup section */
		1615E4491FCF551A00824640 /* Main.storyboard */ = {
			isa = PBXVariantGroup;
			children = (
				1615E44A1FCF551A00824640 /* Base */,
			);
			name = Main.storyboard;
			sourceTree = "<group>";
		};
		1615E44E1FCF551A00824640 /* LaunchScreen.storyboard */ = {
			isa = PBXVariantGroup;
			children = (
				1615E44F1FCF551A00824640 /* Base */,
			);
			name = LaunchScreen.storyboard;
			sourceTree = "<group>";
		};
/* End PBXVariantGroup section */

/* Begin XCBuildConfiguration section */
		1615E4521FCF551A00824640 /* Debug */ = {
			isa = XCBuildConfiguration;
			buildSettings = {
				ALWAYS_SEARCH_USER_PATHS = NO;
				CLANG_ANALYZER_NONNULL = YES;
				CLANG_ANALYZER_NUMBER_OBJECT_CONVERSION = YES_AGGRESSIVE;
				CLANG_CXX_LANGUAGE_STANDARD = "gnu++14";
				CLANG_CXX_LIBRARY = "libc++";
				CLANG_ENABLE_MODULES = YES;
				CLANG_ENABLE_OBJC_ARC = YES;
				CLANG_WARN_BLOCK_CAPTURE_AUTORELEASING = YES;
				CLANG_WARN_BOOL_CONVERSION = YES;
				CLANG_WARN_COMMA = YES;
				CLANG_WARN_CONSTANT_CONVERSION = YES;
				CLANG_WARN_DIRECT_OBJC_ISA_USAGE = YES_ERROR;
				CLANG_WARN_DOCUMENTATION_COMMENTS = YES;
				CLANG_WARN_EMPTY_BODY = YES;
				CLANG_WARN_ENUM_CONVERSION = YES;
				CLANG_WARN_INFINITE_RECURSION = YES;
				CLANG_WARN_INT_CONVERSION = YES;
				CLANG_WARN_NON_LITERAL_NULL_CONVERSION = YES;
				CLANG_WARN_OBJC_LITERAL_CONVERSION = YES;
				CLANG_WARN_OBJC_ROOT_CLASS = YES_ERROR;
				CLANG_WARN_RANGE_LOOP_ANALYSIS = YES;
				CLANG_WARN_STRICT_PROTOTYPES = YES;
				CLANG_WARN_SUSPICIOUS_MOVE = YES;
				CLANG_WARN_UNGUARDED_AVAILABILITY = YES_AGGRESSIVE;
				CLANG_WARN_UNREACHABLE_CODE = YES;
				CLANG_WARN__DUPLICATE_METHOD_MATCH = YES;
				CODE_SIGN_IDENTITY = "iPhone Developer";
				COPY_PHASE_STRIP = NO;
				DEBUG_INFORMATION_FORMAT = dwarf;
				ENABLE_STRICT_OBJC_MSGSEND = YES;
				ENABLE_TESTABILITY = YES;
				GCC_C_LANGUAGE_STANDARD = gnu11;
				GCC_DYNAMIC_NO_PIC = NO;
				GCC_NO_COMMON_BLOCKS = YES;
				GCC_OPTIMIZATION_LEVEL = 0;
				GCC_PREPROCESSOR_DEFINITIONS = (
					"DEBUG=1",
					"$(inherited)",
				);
				GCC_WARN_64_TO_32_BIT_CONVERSION = YES;
				GCC_WARN_ABOUT_RETURN_TYPE = YES_ERROR;
				GCC_WARN_UNDECLARED_SELECTOR = YES;
				GCC_WARN_UNINITIALIZED_AUTOS = YES_AGGRESSIVE;
				GCC_WARN_UNUSED_FUNCTION = YES;
				GCC_WARN_UNUSED_VARIABLE = YES;
				IPHONEOS_DEPLOYMENT_TARGET = 11.1;
				MTL_ENABLE_DEBUG_INFO = YES;
				ONLY_ACTIVE_ARCH = YES;
				SDKROOT = iphoneos;
				SWIFT_ACTIVE_COMPILATION_CONDITIONS = DEBUG;
				SWIFT_OPTIMIZATION_LEVEL = "-Onone";
			};
			name = Debug;
		};
		1615E4531FCF551A00824640 /* Release */ = {
			isa = XCBuildConfiguration;
			buildSettings = {
				ALWAYS_SEARCH_USER_PATHS = NO;
				CLANG_ANALYZER_NONNULL = YES;
				CLANG_ANALYZER_NUMBER_OBJECT_CONVERSION = YES_AGGRESSIVE;
				CLANG_CXX_LANGUAGE_STANDARD = "gnu++14";
				CLANG_CXX_LIBRARY = "libc++";
				CLANG_ENABLE_MODULES = YES;
				CLANG_ENABLE_OBJC_ARC = YES;
				CLANG_WARN_BLOCK_CAPTURE_AUTORELEASING = YES;
				CLANG_WARN_BOOL_CONVERSION = YES;
				CLANG_WARN_COMMA = YES;
				CLANG_WARN_CONSTANT_CONVERSION = YES;
				CLANG_WARN_DIRECT_OBJC_ISA_USAGE = YES_ERROR;
				CLANG_WARN_DOCUMENTATION_COMMENTS = YES;
				CLANG_WARN_EMPTY_BODY = YES;
				CLANG_WARN_ENUM_CONVERSION = YES;
				CLANG_WARN_INFINITE_RECURSION = YES;
				CLANG_WARN_INT_CONVERSION = YES;
				CLANG_WARN_NON_LITERAL_NULL_CONVERSION = YES;
				CLANG_WARN_OBJC_LITERAL_CONVERSION = YES;
				CLANG_WARN_OBJC_ROOT_CLASS = YES_ERROR;
				CLANG_WARN_RANGE_LOOP_ANALYSIS = YES;
				CLANG_WARN_STRICT_PROTOTYPES = YES;
				CLANG_WARN_SUSPICIOUS_MOVE = YES;
				CLANG_WARN_UNGUARDED_AVAILABILITY = YES_AGGRESSIVE;
				CLANG_WARN_UNREACHABLE_CODE = YES;
				CLANG_WARN__DUPLICATE_METHOD_MATCH = YES;
				CODE_SIGN_IDENTITY = "iPhone Developer";
				COPY_PHASE_STRIP = NO;
				DEBUG_INFORMATION_FORMAT = "dwarf-with-dsym";
				ENABLE_NS_ASSERTIONS = NO;
				ENABLE_STRICT_OBJC_MSGSEND = YES;
				GCC_C_LANGUAGE_STANDARD = gnu11;
				GCC_NO_COMMON_BLOCKS = YES;
				GCC_WARN_64_TO_32_BIT_CONVERSION = YES;
				GCC_WARN_ABOUT_RETURN_TYPE = YES_ERROR;
				GCC_WARN_UNDECLARED_SELECTOR = YES;
				GCC_WARN_UNINITIALIZED_AUTOS = YES_AGGRESSIVE;
				GCC_WARN_UNUSED_FUNCTION = YES;
				GCC_WARN_UNUSED_VARIABLE = YES;
				IPHONEOS_DEPLOYMENT_TARGET = 11.1;
				MTL_ENABLE_DEBUG_INFO = NO;
				SDKROOT = iphoneos;
				SWIFT_OPTIMIZATION_LEVEL = "-Owholemodule";
				VALIDATE_PRODUCT = YES;
			};
			name = Release;
		};
		1615E4551FCF551A00824640 /* Debug */ = {
			isa = XCBuildConfiguration;
			buildSettings = {
				ASSETCATALOG_COMPILER_APPICON_NAME = AppIcon;
				CODE_SIGN_STYLE = Automatic;
				INFOPLIST_FILE = DynamicPrototypes/Info.plist;
				LD_RUNPATH_SEARCH_PATHS = "$(inherited) @executable_path/Frameworks";
				PRODUCT_BUNDLE_IDENTIFIER = br.com.scopus.curso.DynamicPrototypes;
				PRODUCT_NAME = "$(TARGET_NAME)";
				SWIFT_VERSION = 4.0;
				TARGETED_DEVICE_FAMILY = "1,2";
			};
			name = Debug;
		};
		1615E4561FCF551A00824640 /* Release */ = {
			isa = XCBuildConfiguration;
			buildSettings = {
				ASSETCATALOG_COMPILER_APPICON_NAME = AppIcon;
				CODE_SIGN_STYLE = Automatic;
				INFOPLIST_FILE = DynamicPrototypes/Info.plist;
				LD_RUNPATH_SEARCH_PATHS = "$(inherited) @executable_path/Frameworks";
				PRODUCT_BUNDLE_IDENTIFIER = br.com.scopus.curso.DynamicPrototypes;
				PRODUCT_NAME = "$(TARGET_NAME)";
				SWIFT_VERSION = 4.0;
				TARGETED_DEVICE_FAMILY = "1,2";
			};
			name = Release;
		};
/* End XCBuildConfiguration section */

/* Begin XCConfigurationList section */
		1615E43D1FCF551A00824640 /* Build configuration list for PBXProject "DynamicPrototypes" */ = {
			isa = XCConfigurationList;
			buildConfigurations = (
				1615E4521FCF551A00824640 /* Debug */,
				1615E4531FCF551A00824640 /* Release */,
			);
			defaultConfigurationIsVisible = 0;
			defaultConfigurationName = Release;
		};
		1615E4541FCF551A00824640 /* Build configuration list for PBXNativeTarget "DynamicPrototypes" */ = {
			isa = XCConfigurationList;
			buildConfigurations = (
				1615E4551FCF551A00824640 /* Debug */,
				1615E4561FCF551A00824640 /* Release */,
			);
			defaultConfigurationIsVisible = 0;
			defaultConfigurationName = Release;
		};
/* End XCConfigurationList section */
	};
	rootObject = 1615E43A1FCF551A00824640 /* Project object */;
}
