// !$*UTF8*$!
{
	archiveVersion = 1;
	classes = {
	};
	objectVersion = 48;
	objects = {

/* Begin PBXBuildFile section */
		F25F63671FC4891700BD498E /* SchemeHandler.swift in Sources */ = {isa = PBXBuildFile; fileRef = F25F63661FC4891700BD498E /* SchemeHandler.swift */; };
		F2F7C5251FC3437C00D71867 /* AppDelegate.swift in Sources */ = {isa = PBXBuildFile; fileRef = F2F7C5241FC3437C00D71867 /* AppDelegate.swift */; };
		F2F7C5271FC3437C00D71867 /* ViewController.swift in Sources */ = {isa = PBXBuildFile; fileRef = F2F7C5261FC3437C00D71867 /* ViewController.swift */; };
		F2F7C52A1FC3437C00D71867 /* Main.storyboard in Resources */ = {isa = PBXBuildFile; fileRef = F2F7C5281FC3437C00D71867 /* Main.storyboard */; };
		F2F7C52C1FC3437C00D71867 /* Assets.xcassets in Resources */ = {isa = PBXBuildFile; fileRef = F2F7C52B1FC3437C00D71867 /* Assets.xcassets */; };
		F2F7C52F1FC3437C00D71867 /* LaunchScreen.storyboard in Resources */ = {isa = PBXBuildFile; fileRef = F2F7C52D1FC3437C00D71867 /* LaunchScreen.storyboard */; };
/* End PBXBuildFile section */

/* Begin PBXFileReference section */
		F25F63661FC4891700BD498E /* SchemeHandler.swift */ = {isa = PBXFileReference; fileEncoding = 4; lastKnownFileType = sourcecode.swift; path = SchemeHandler.swift; sourceTree = "<group>"; };
		F2F7C5211FC3437C00D71867 /* WebkitSample.app */ = {isa = PBXFileReference; explicitFileType = wrapper.application; includeInIndex = 0; path = WebkitSample.app; sourceTree = BUILT_PRODUCTS_DIR; };
		F2F7C5241FC3437C00D71867 /* AppDelegate.swift */ = {isa = PBXFileReference; lastKnownFileType = sourcecode.swift; path = AppDelegate.swift; sourceTree = "<group>"; };
		F2F7C5261FC3437C00D71867 /* ViewController.swift */ = {isa = PBXFileReference; lastKnownFileType = sourcecode.swift; path = ViewController.swift; sourceTree = "<group>"; };
		F2F7C5291FC3437C00D71867 /* Base */ = {isa = PBXFileReference; lastKnownFileType = file.storyboard; name = Base; path = Base.lproj/Main.storyboard; sourceTree = "<group>"; };
		F2F7C52B1FC3437C00D71867 /* Assets.xcassets */ = {isa = PBXFileReference; lastKnownFileType = folder.assetcatalog; path = Assets.xcassets; sourceTree = "<group>"; };
		F2F7C52E1FC3437C00D71867 /* Base */ = {isa = PBXFileReference; lastKnownFileType = file.storyboard; name = Base; path = Base.lproj/LaunchScreen.storyboard; sourceTree = "<group>"; };
		F2F7C5301FC3437C00D71867 /* Info.plist */ = {isa = PBXFileReference; lastKnownFileType = text.plist.xml; path = Info.plist; sourceTree = "<group>"; };
/* End PBXFileReference section */

/* Begin PBXFrameworksBuildPhase section */
		F2F7C51E1FC3437C00D71867 /* Frameworks */ = {
			isa = PBXFrameworksBuildPhase;
			buildActionMask = 2147483647;
			files = (
			);
			runOnlyForDeploymentPostprocessing = 0;
		};
/* End PBXFrameworksBuildPhase section */

/* Begin PBXGroup section */
		F2F7C5181FC3437C00D71867 = {
			isa = PBXGroup;
			children = (
				F2F7C5231FC3437C00D71867 /* WebkitSample */,
				F2F7C5221FC3437C00D71867 /* Products */,
			);
			sourceTree = "<group>";
		};
		F2F7C5221FC3437C00D71867 /* Products */ = {
			isa = PBXGroup;
			children = (
				F2F7C5211FC3437C00D71867 /* WebkitSample.app */,
			);
			name = Products;
			sourceTree = "<group>";
		};
		F2F7C5231FC3437C00D71867 /* WebkitSample */ = {
			isa = PBXGroup;
			children = (
				F25F63661FC4891700BD498E /* SchemeHandler.swift */,
				F2F7C5241FC3437C00D71867 /* AppDelegate.swift */,
				F2F7C5261FC3437C00D71867 /* ViewController.swift */,
				F2F7C5281FC3437C00D71867 /* Main.storyboard */,
				F2F7C52B1FC3437C00D71867 /* Assets.xcassets */,
				F2F7C52D1FC3437C00D71867 /* LaunchScreen.storyboard */,
				F2F7C5301FC3437C00D71867 /* Info.plist */,
			);
			path = WebkitSample;
			sourceTree = "<group>";
		};
/* End PBXGroup section */

/* Begin PBXNativeTarget section */
		F2F7C5201FC3437C00D71867 /* WebkitSample */ = {
			isa = PBXNativeTarget;
			buildConfigurationList = F2F7C5331FC3437C00D71867 /* Build configuration list for PBXNativeTarget "WebkitSample" */;
			buildPhases = (
				F2F7C51D1FC3437C00D71867 /* Sources */,
				F2F7C51E1FC3437C00D71867 /* Frameworks */,
				F2F7C51F1FC3437C00D71867 /* Resources */,
			);
			buildRules = (
			);
			dependencies = (
			);
			name = WebkitSample;
			productName = WebkitSample;
			productReference = F2F7C5211FC3437C00D71867 /* WebkitSample.app */;
			productType = "com.apple.product-type.application";
		};
/* End PBXNativeTarget section */

/* Begin PBXProject section */
		F2F7C5191FC3437C00D71867 /* Project object */ = {
			isa = PBXProject;
			attributes = {
				LastSwiftUpdateCheck = 0910;
				LastUpgradeCheck = 0910;
				ORGANIZATIONNAME = "Lucas Paim";
				TargetAttributes = {
					F2F7C5201FC3437C00D71867 = {
						CreatedOnToolsVersion = 9.1;
						ProvisioningStyle = Automatic;
					};
				};
			};
			buildConfigurationList = F2F7C51C1FC3437C00D71867 /* Build configuration list for PBXProject "WebkitSample" */;
			compatibilityVersion = "Xcode 8.0";
			developmentRegion = en;
			hasScannedForEncodings = 0;
			knownRegions = (
				en,
				Base,
			);
			mainGroup = F2F7C5181FC3437C00D71867;
			productRefGroup = F2F7C5221FC3437C00D71867 /* Products */;
			projectDirPath = "";
			projectRoot = "";
			targets = (
				F2F7C5201FC3437C00D71867 /* WebkitSample */,
			);
		};
/* End PBXProject section */

/* Begin PBXResourcesBuildPhase section */
		F2F7C51F1FC3437C00D71867 /* Resources */ = {
			isa = PBXResourcesBuildPhase;
			buildActionMask = 2147483647;
			files = (
				F2F7C52F1FC3437C00D71867 /* LaunchScreen.storyboard in Resources */,
				F2F7C52C1FC3437C00D71867 /* Assets.xcassets in Resources */,
				F2F7C52A1FC3437C00D71867 /* Main.storyboard in Resources */,
			);
			runOnlyForDeploymentPostprocessing = 0;
		};
/* End PBXResourcesBuildPhase section */

/* Begin PBXSourcesBuildPhase section */
		F2F7C51D1FC3437C00D71867 /* Sources */ = {
			isa = PBXSourcesBuildPhase;
			buildActionMask = 2147483647;
			files = (
				F2F7C5271FC3437C00D71867 /* ViewController.swift in Sources */,
				F2F7C5251FC3437C00D71867 /* AppDelegate.swift in Sources */,
				F25F63671FC4891700BD498E /* SchemeHandler.swift in Sources */,
			);
			runOnlyForDeploymentPostprocessing = 0;
		};
/* End PBXSourcesBuildPhase section */

/* Begin PBXVariantGroup section */
		F2F7C5281FC3437C00D71867 /* Main.storyboard */ = {
			isa = PBXVariantGroup;
			children = (
				F2F7C5291FC3437C00D71867 /* Base */,
			);
			name = Main.storyboard;
			sourceTree = "<group>";
		};
		F2F7C52D1FC3437C00D71867 /* LaunchScreen.storyboard */ = {
			isa = PBXVariantGroup;
			children = (
				F2F7C52E1FC3437C00D71867 /* Base */,
			);
			name = LaunchScreen.storyboard;
			sourceTree = "<group>";
		};
/* End PBXVariantGroup section */

/* Begin XCBuildConfiguration section */
		F2F7C5311FC3437C00D71867 /* Debug */ = {
			isa = XCBuildConfiguration;
			buildSettings = {
				ALWAYS_SEARCH_USER_PATHS = NO;
				CLANG_ANALYZER_NONNULL = YES;
				CLANG_ANALYZER_NUMBER_OBJECT_CONVERSION = YES_AGGRESSIVE;
				CLANG_CXX_LANGUAGE_STANDARD = "gnu++14";
				CLANG_CXX_LIBRARY = "libc++";
				CLANG_ENABLE_MODULES = YES;
				CLANG_ENABLE_OBJC_ARC = YES;
				CLANG_WARN_BLOCK_CAPTURE_AUTORELEASING = YES;
				CLANG_WARN_BOOL_CONVERSION = YES;
				CLANG_WARN_COMMA = YES;
				CLANG_WARN_CONSTANT_CONVERSION = YES;
				CLANG_WARN_DIRECT_OBJC_ISA_USAGE = YES_ERROR;
				CLANG_WARN_DOCUMENTATION_COMMENTS = YES;
				CLANG_WARN_EMPTY_BODY = YES;
				CLANG_WARN_ENUM_CONVERSION = YES;
				CLANG_WARN_INFINITE_RECURSION = YES;
				CLANG_WARN_INT_CONVERSION = YES;
				CLANG_WARN_NON_LITERAL_NULL_CONVERSION = YES;
				CLANG_WARN_OBJC_LITERAL_CONVERSION = YES;
				CLANG_WARN_OBJC_ROOT_CLASS = YES_ERROR;
				CLANG_WARN_RANGE_LOOP_ANALYSIS = YES;
				CLANG_WARN_STRICT_PROTOTYPES = YES;
				CLANG_WARN_SUSPICIOUS_MOVE = YES;
				CLANG_WARN_UNGUARDED_AVAILABILITY = YES_AGGRESSIVE;
				CLANG_WARN_UNREACHABLE_CODE = YES;
				CLANG_WARN__DUPLICATE_METHOD_MATCH = YES;
				CODE_SIGN_IDENTITY = "iPhone Developer";
				COPY_PHASE_STRIP = NO;
				DEBUG_INFORMATION_FORMAT = dwarf;
				ENABLE_STRICT_OBJC_MSGSEND = YES;
				ENABLE_TESTABILITY = YES;
				GCC_C_LANGUAGE_STANDARD = gnu11;
				GCC_DYNAMIC_NO_PIC = NO;
				GCC_NO_COMMON_BLOCKS = YES;
				GCC_OPTIMIZATION_LEVEL = 0;
				GCC_PREPROCESSOR_DEFINITIONS = (
					"DEBUG=1",
					"$(inherited)",
				);
				GCC_WARN_64_TO_32_BIT_CONVERSION = YES;
				GCC_WARN_ABOUT_RETURN_TYPE = YES_ERROR;
				GCC_WARN_UNDECLARED_SELECTOR = YES;
				GCC_WARN_UNINITIALIZED_AUTOS = YES_AGGRESSIVE;
				GCC_WARN_UNUSED_FUNCTION = YES;
				GCC_WARN_UNUSED_VARIABLE = YES;
				IPHONEOS_DEPLOYMENT_TARGET = 11.1;
				MTL_ENABLE_DEBUG_INFO = YES;
				ONLY_ACTIVE_ARCH = YES;
				SDKROOT = iphoneos;
				SWIFT_ACTIVE_COMPILATION_CONDITIONS = DEBUG;
				SWIFT_OPTIMIZATION_LEVEL = "-Onone";
			};
			name = Debug;
		};
		F2F7C5321FC3437C00D71867 /* Release */ = {
			isa = XCBuildConfiguration;
			buildSettings = {
				ALWAYS_SEARCH_USER_PATHS = NO;
				CLANG_ANALYZER_NONNULL = YES;
				CLANG_ANALYZER_NUMBER_OBJECT_CONVERSION = YES_AGGRESSIVE;
				CLANG_CXX_LANGUAGE_STANDARD = "gnu++14";
				CLANG_CXX_LIBRARY = "libc++";
				CLANG_ENABLE_MODULES = YES;
				CLANG_ENABLE_OBJC_ARC = YES;
				CLANG_WARN_BLOCK_CAPTURE_AUTORELEASING = YES;
				CLANG_WARN_BOOL_CONVERSION = YES;
				CLANG_WARN_COMMA = YES;
				CLANG_WARN_CONSTANT_CONVERSION = YES;
				CLANG_WARN_DIRECT_OBJC_ISA_USAGE = YES_ERROR;
				CLANG_WARN_DOCUMENTATION_COMMENTS = YES;
				CLANG_WARN_EMPTY_BODY = YES;
				CLANG_WARN_ENUM_CONVERSION = YES;
				CLANG_WARN_INFINITE_RECURSION = YES;
				CLANG_WARN_INT_CONVERSION = YES;
				CLANG_WARN_NON_LITERAL_NULL_CONVERSION = YES;
				CLANG_WARN_OBJC_LITERAL_CONVERSION = YES;
				CLANG_WARN_OBJC_ROOT_CLASS = YES_ERROR;
				CLANG_WARN_RANGE_LOOP_ANALYSIS = YES;
				CLANG_WARN_STRICT_PROTOTYPES = YES;
				CLANG_WARN_SUSPICIOUS_MOVE = YES;
				CLANG_WARN_UNGUARDED_AVAILABILITY = YES_AGGRESSIVE;
				CLANG_WARN_UNREACHABLE_CODE = YES;
				CLANG_WARN__DUPLICATE_METHOD_MATCH = YES;
				CODE_SIGN_IDENTITY = "iPhone Developer";
				COPY_PHASE_STRIP = NO;
				DEBUG_INFORMATION_FORMAT = "dwarf-with-dsym";
				ENABLE_NS_ASSERTIONS = NO;
				ENABLE_STRICT_OBJC_MSGSEND = YES;
				GCC_C_LANGUAGE_STANDARD = gnu11;
				GCC_NO_COMMON_BLOCKS = YES;
				GCC_WARN_64_TO_32_BIT_CONVERSION = YES;
				GCC_WARN_ABOUT_RETURN_TYPE = YES_ERROR;
				GCC_WARN_UNDECLARED_SELECTOR = YES;
				GCC_WARN_UNINITIALIZED_AUTOS = YES_AGGRESSIVE;
				GCC_WARN_UNUSED_FUNCTION = YES;
				GCC_WARN_UNUSED_VARIABLE = YES;
				IPHONEOS_DEPLOYMENT_TARGET = 11.1;
				MTL_ENABLE_DEBUG_INFO = NO;
				SDKROOT = iphoneos;
				SWIFT_OPTIMIZATION_LEVEL = "-Owholemodule";
				VALIDATE_PRODUCT = YES;
			};
			name = Release;
		};
		F2F7C5341FC3437C00D71867 /* Debug */ = {
			isa = XCBuildConfiguration;
			buildSettings = {
				ASSETCATALOG_COMPILER_APPICON_NAME = AppIcon;
				CODE_SIGN_STYLE = Automatic;
				INFOPLIST_FILE = WebkitSample/Info.plist;
				IPHONEOS_DEPLOYMENT_TARGET = 11.1;
				LD_RUNPATH_SEARCH_PATHS = "$(inherited) @executable_path/Frameworks";
				PRODUCT_BUNDLE_IDENTIFIER = com.samples.WebkitSample;
				PRODUCT_NAME = "$(TARGET_NAME)";
				SWIFT_VERSION = 4.0;
				TARGETED_DEVICE_FAMILY = "1,2";
			};
			name = Debug;
		};
		F2F7C5351FC3437C00D71867 /* Release */ = {
			isa = XCBuildConfiguration;
			buildSettings = {
				ASSETCATALOG_COMPILER_APPICON_NAME = AppIcon;
				CODE_SIGN_STYLE = Automatic;
				INFOPLIST_FILE = WebkitSample/Info.plist;
				IPHONEOS_DEPLOYMENT_TARGET = 11.1;
				LD_RUNPATH_SEARCH_PATHS = "$(inherited) @executable_path/Frameworks";
				PRODUCT_BUNDLE_IDENTIFIER = com.samples.WebkitSample;
				PRODUCT_NAME = "$(TARGET_NAME)";
				SWIFT_VERSION = 4.0;
				TARGETED_DEVICE_FAMILY = "1,2";
			};
			name = Release;
		};
/* End XCBuildConfiguration section */

/* Begin XCConfigurationList section */
		F2F7C51C1FC3437C00D71867 /* Build configuration list for PBXProject "WebkitSample" */ = {
			isa = XCConfigurationList;
			buildConfigurations = (
				F2F7C5311FC3437C00D71867 /* Debug */,
				F2F7C5321FC3437C00D71867 /* Release */,
			);
			defaultConfigurationIsVisible = 0;
			defaultConfigurationName = Release;
		};
		F2F7C5331FC3437C00D71867 /* Build configuration list for PBXNativeTarget "WebkitSample" */ = {
			isa = XCConfigurationList;
			buildConfigurations = (
				F2F7C5341FC3437C00D71867 /* Debug */,
				F2F7C5351FC3437C00D71867 /* Release */,
			);
			defaultConfigurationIsVisible = 0;
			defaultConfigurationName = Release;
		};
/* End XCConfigurationList section */
	};
	rootObject = F2F7C5191FC3437C00D71867 /* Project object */;
}
